
Microsoft Visual Studio Solution File, Format Version 11.00
# Visual Studio 2010
Project("{FAE04EC0-301F-11D3-BF4B-00C04F79EFBC}") = "PsychicTowerRanking", "Assembly-CSharp.csproj", "{A7904652-B18E-2397-EED5-B7C0CB277EE8}"
EndProject
Project("{FAE04EC0-301F-11D3-BF4B-00C04F79EFBC}") = "PsychicTowerRanking", "Assembly-CSharp-Editor.csproj", "{A04CF2DA-9892-F838-2944-B1666CED5A2A}"
EndProject
Global
	GlobalSection(SolutionConfigurationPlatforms) = preSolution
		Debug|Any CPU = Debug|Any CPU
		Release|Any CPU = Release|Any CPU
	EndGlobalSection
	GlobalSection(ProjectConfigurationPlatforms) = postSolution
		{A7904652-B18E-2397-EED5-B7C0CB277EE8}.Debug|Any CPU.ActiveCfg = Debug|Any CPU
		{A7904652-B18E-2397-EED5-B7C0CB277EE8}.Debug|Any CPU.Build.0 = Debug|Any CPU
		{A7904652-B18E-2397-EED5-B7C0CB277EE8}.Release|Any CPU.ActiveCfg = Release|Any CPU
		{A7904652-B18E-2397-EED5-B7C0CB277EE8}.Release|Any CPU.Build.0 = Release|Any CPU
		{A04CF2DA-9892-F838-2944-B1666CED5A2A}.Debug|Any CPU.ActiveCfg = Debug|Any CPU
		{A04CF2DA-9892-F838-2944-B1666CED5A2A}.Debug|Any CPU.Build.0 = Debug|Any CPU
		{A04CF2DA-9892-F838-2944-B1666CED5A2A}.Release|Any CPU.ActiveCfg = Release|Any CPU
		{A04CF2DA-9892-F838-2944-B1666CED5A2A}.Release|Any CPU.Build.0 = Release|Any CPU
	EndGlobalSection
	GlobalSection(SolutionProperties) = preSolution
		HideSolutionNode = FALSE
	EndGlobalSection
	GlobalSection(MonoDevelopProperties) = preSolution
		StartupItem = Assembly-CSharp.csproj
	EndGlobalSection
EndGlobal
